
Microsoft Visual Studio Solution File, Format Version 12.00
# Visual Studio Version 17
VisualStudioVersion = 17.9.34607.119
MinimumVisualStudioVersion = 10.0.40219.1
Project("{FAE04EC0-301F-11D3-BF4B-00C04F79EFBC}") = "RM", "WindowsFormsApp1\RM.csproj", "{72B4BC36-8DD9-4F0D-A52F-01AED393609D}"
EndProject
Global
	GlobalSection(SolutionConfigurationPlatforms) = preSolution
		Debug|Any CPU = Debug|Any CPU
		Release|Any CPU = Release|Any CPU
	EndGlobalSection
	GlobalSection(ProjectConfigurationPlatforms) = postSolution
		{72B4BC36-8DD9-4F0D-A52F-01AED393609D}.Debug|Any CPU.ActiveCfg = Debug|Any CPU
		{72B4BC36-8DD9-4F0D-A52F-01AED393609D}.Debug|Any CPU.Build.0 = Debug|Any CPU
		{72B4BC36-8DD9-4F0D-A52F-01AED393609D}.Release|Any CPU.ActiveCfg = Release|Any CPU
		{72B4BC36-8DD9-4F0D-A52F-01AED393609D}.Release|Any CPU.Build.0 = Release|Any CPU
	EndGlobalSection
	GlobalSection(SolutionProperties) = preSolution
		HideSolutionNode = FALSE
	EndGlobalSection
	GlobalSection(ExtensibilityGlobals) = postSolution
		SolutionGuid = {C6B25C5A-D64C-4489-93A9-BF31F3A40374}
	EndGlobalSection
EndGlobal
